// !$*UTF8*$!
{
	archiveVersion = 1;
	classes = {
	};
	objectVersion = 48;
	objects = {

/* Begin PBXBuildFile section */
		533F1B9B1FB3A5EF0030A40A /* Algorithm Controller.swift in Sources */ = {isa = PBXBuildFile; fileRef = 533F1B9A1FB3A5EF0030A40A /* Algorithm Controller.swift */; };
		533F1B9D1FB3A68C0030A40A /* CreativityController.swift in Sources */ = {isa = PBXBuildFile; fileRef = 533F1B9C1FB3A68C0030A40A /* CreativityController.swift */; };
		533F1B9F1FB3A6A60030A40A /* AbstractionController.swift in Sources */ = {isa = PBXBuildFile; fileRef = 533F1B9E1FB3A6A60030A40A /* AbstractionController.swift */; };
		535623B01FBB7BB800ACFAA0 /* ViewController.swift in Sources */ = {isa = PBXBuildFile; fileRef = 535623AF1FBB7BB800ACFAA0 /* ViewController.swift */; };
		535623B21FBB7C3B00ACFAA0 /* MainController.swift in Sources */ = {isa = PBXBuildFile; fileRef = 535623B11FBB7C3B00ACFAA0 /* MainController.swift */; };
		53562F521FCCB1F300CF9D04 /* AbstractionPageController.swift in Sources */ = {isa = PBXBuildFile; fileRef = 53562F511FCCB1F300CF9D04 /* AbstractionPageController.swift */; };
		53A262AC1FCF39EF00A5370C /* InternetDetailViewontroller.swift in Sources */ = {isa = PBXBuildFile; fileRef = 53A262AB1FCF39EF00A5370C /* InternetDetailViewontroller.swift */; };
		53A262AF1FCF3B9700A5370C /* WebKit.framework in Frameworks */ = {isa = PBXBuildFile; fileRef = 53A262AE1FCF3B9700A5370C /* WebKit.framework */; };
		53C312DE1FD72AB300E5977B /* DrawingView.swift in Sources */ = {isa = PBXBuildFile; fileRef = 53C312DD1FD72AB300E5977B /* DrawingView.swift */; };
		53C530191FA2599900A6D94D /* AppDelegate.swift in Sources */ = {isa = PBXBuildFile; fileRef = 53C530181FA2599900A6D94D /* AppDelegate.swift */; };
		53C5301E1FA2599900A6D94D /* Main.storyboard in Resources */ = {isa = PBXBuildFile; fileRef = 53C5301C1FA2599900A6D94D /* Main.storyboard */; };
		53C530201FA2599900A6D94D /* Assets.xcassets in Resources */ = {isa = PBXBuildFile; fileRef = 53C5301F1FA2599900A6D94D /* Assets.xcassets */; };
		53C530231FA2599900A6D94D /* LaunchScreen.storyboard in Resources */ = {isa = PBXBuildFile; fileRef = 53C530211FA2599900A6D94D /* LaunchScreen.storyboard */; };
		53CA745C1FB63D5B0007A7F8 /* DataInfoController.swift in Sources */ = {isa = PBXBuildFile; fileRef = 53CA745B1FB63D5B0007A7F8 /* DataInfoController.swift */; };
		53CA745E1FB63DAC0007A7F8 /* ProgrammingController.swift in Sources */ = {isa = PBXBuildFile; fileRef = 53CA745D1FB63DAC0007A7F8 /* ProgrammingController.swift */; };
		53CA74601FB63DC20007A7F8 /* InternetController.swift in Sources */ = {isa = PBXBuildFile; fileRef = 53CA745F1FB63DC20007A7F8 /* InternetController.swift */; };
		53CA74621FB63DE70007A7F8 /* GlobalImpactController.swift in Sources */ = {isa = PBXBuildFile; fileRef = 53CA74611FB63DE70007A7F8 /* GlobalImpactController.swift */; };
		53DB2A2F1FD9D37D00A67186 /* ArtCell.swift in Sources */ = {isa = PBXBuildFile; fileRef = 53DB2A2E1FD9D37D00A67186 /* ArtCell.swift */; };
		53DF23E51FC35F90009F4F6C /* Love.swift in Sources */ = {isa = PBXBuildFile; fileRef = 53DF23E41FC35F90009F4F6C /* Love.swift */; };
		53DF23E71FC36077009F4F6C /* Duck.swift in Sources */ = {isa = PBXBuildFile; fileRef = 53DF23E61FC36077009F4F6C /* Duck.swift */; };
		53FFDEDF1FE1AC3300B15E19 /* GameScene.swift in Sources */ = {isa = PBXBuildFile; fileRef = 53FFDEDC1FE1AC3200B15E19 /* GameScene.swift */; };
		53FFDEE01FE1AC3300B15E19 /* LevelCompleteScene.swift in Sources */ = {isa = PBXBuildFile; fileRef = 53FFDEDD1FE1AC3200B15E19 /* LevelCompleteScene.swift */; };
		53FFDEE11FE1AC3300B15E19 /* StartScene.swift in Sources */ = {isa = PBXBuildFile; fileRef = 53FFDEDE1FE1AC3200B15E19 /* StartScene.swift */; };
		53FFDEF71FE1AEE100B15E19 /* invader sound.mp3 in Resources */ = {isa = PBXBuildFile; fileRef = 53FFDEF21FE1AEE100B15E19 /* invader sound.mp3 */; };
		53FFDEF81FE1AEE100B15E19 /* boss sound.mp3 in Resources */ = {isa = PBXBuildFile; fileRef = 53FFDEF31FE1AEE100B15E19 /* boss sound.mp3 */; };
		53FFDEF91FE1AEE100B15E19 /* extra sound.mp3 in Resources */ = {isa = PBXBuildFile; fileRef = 53FFDEF41FE1AEE100B15E19 /* extra sound.mp3 */; };
		53FFDEFA1FE1AEE100B15E19 /* laser sound.mp3 in Resources */ = {isa = PBXBuildFile; fileRef = 53FFDEF51FE1AEE100B15E19 /* laser sound.mp3 */; };
		53FFDEFB1FE1AEE100B15E19 /* powerup sound.mp3 in Resources */ = {isa = PBXBuildFile; fileRef = 53FFDEF61FE1AEE100B15E19 /* powerup sound.mp3 */; };
		53FFDEFD1FE1AF1B00B15E19 /* Utilities.swift in Sources */ = {isa = PBXBuildFile; fileRef = 53FFDEFC1FE1AF1A00B15E19 /* Utilities.swift */; };
		53FFDF001FE1AFA300B15E19 /* StarField.sks in Resources */ = {isa = PBXBuildFile; fileRef = 53FFDEFF1FE1AFA300B15E19 /* StarField.sks */; };
		53FFDF061FE1AFD000B15E19 /* Player.swift in Sources */ = {isa = PBXBuildFile; fileRef = 53FFDF011FE1AFCF00B15E19 /* Player.swift */; };
		53FFDF071FE1AFD000B15E19 /* PlayerLaser.swift in Sources */ = {isa = PBXBuildFile; fileRef = 53FFDF021FE1AFCF00B15E19 /* PlayerLaser.swift */; };
		53FFDF081FE1AFD000B15E19 /* Projectile.swift in Sources */ = {isa = PBXBuildFile; fileRef = 53FFDF031FE1AFCF00B15E19 /* Projectile.swift */; };
		53FFDF091FE1AFD000B15E19 /* InvaderLaser.swift in Sources */ = {isa = PBXBuildFile; fileRef = 53FFDF041FE1AFD000B15E19 /* InvaderLaser.swift */; };
		53FFDF0A1FE1AFD000B15E19 /* Invader.swift in Sources */ = {isa = PBXBuildFile; fileRef = 53FFDF051FE1AFD000B15E19 /* Invader.swift */; };
/* End PBXBuildFile section */

/* Begin PBXFileReference section */
		533F1B9A1FB3A5EF0030A40A /* Algorithm Controller.swift */ = {isa = PBXFileReference; lastKnownFileType = sourcecode.swift; path = "Algorithm Controller.swift"; sourceTree = "<group>"; };
		533F1B9C1FB3A68C0030A40A /* CreativityController.swift */ = {isa = PBXFileReference; lastKnownFileType = sourcecode.swift; path = CreativityController.swift; sourceTree = "<group>"; };
		533F1B9E1FB3A6A60030A40A /* AbstractionController.swift */ = {isa = PBXFileReference; lastKnownFileType = sourcecode.swift; path = AbstractionController.swift; sourceTree = "<group>"; };
		535623AF1FBB7BB800ACFAA0 /* ViewController.swift */ = {isa = PBXFileReference; lastKnownFileType = sourcecode.swift; path = ViewController.swift; sourceTree = "<group>"; };
		535623B11FBB7C3B00ACFAA0 /* MainController.swift */ = {isa = PBXFileReference; lastKnownFileType = sourcecode.swift; path = MainController.swift; sourceTree = "<group>"; };
		53562F511FCCB1F300CF9D04 /* AbstractionPageController.swift */ = {isa = PBXFileReference; lastKnownFileType = sourcecode.swift; path = AbstractionPageController.swift; sourceTree = "<group>"; };
		53A262AB1FCF39EF00A5370C /* InternetDetailViewontroller.swift */ = {isa = PBXFileReference; lastKnownFileType = sourcecode.swift; path = InternetDetailViewontroller.swift; sourceTree = "<group>"; };
		53A262AE1FCF3B9700A5370C /* WebKit.framework */ = {isa = PBXFileReference; lastKnownFileType = wrapper.framework; name = WebKit.framework; path = System/Library/Frameworks/WebKit.framework; sourceTree = SDKROOT; };
		53C312DD1FD72AB300E5977B /* DrawingView.swift */ = {isa = PBXFileReference; lastKnownFileType = sourcecode.swift; path = DrawingView.swift; sourceTree = "<group>"; };
		53C530151FA2599900A6D94D /* IsaacLamb.app */ = {isa = PBXFileReference; explicitFileType = wrapper.application; includeInIndex = 0; path = IsaacLamb.app; sourceTree = BUILT_PRODUCTS_DIR; };
		53C530181FA2599900A6D94D /* AppDelegate.swift */ = {isa = PBXFileReference; lastKnownFileType = sourcecode.swift; path = AppDelegate.swift; sourceTree = "<group>"; };
		53C5301D1FA2599900A6D94D /* Base */ = {isa = PBXFileReference; lastKnownFileType = file.storyboard; name = Base; path = Base.lproj/Main.storyboard; sourceTree = "<group>"; };
		53C5301F1FA2599900A6D94D /* Assets.xcassets */ = {isa = PBXFileReference; lastKnownFileType = folder.assetcatalog; path = Assets.xcassets; sourceTree = "<group>"; };
		53C530221FA2599900A6D94D /* Base */ = {isa = PBXFileReference; lastKnownFileType = file.storyboard; name = Base; path = Base.lproj/LaunchScreen.storyboard; sourceTree = "<group>"; };
		53C530241FA2599900A6D94D /* Info.plist */ = {isa = PBXFileReference; lastKnownFileType = text.plist.xml; path = Info.plist; sourceTree = "<group>"; };
		53CA745B1FB63D5B0007A7F8 /* DataInfoController.swift */ = {isa = PBXFileReference; lastKnownFileType = sourcecode.swift; path = DataInfoController.swift; sourceTree = "<group>"; };
		53CA745D1FB63DAC0007A7F8 /* ProgrammingController.swift */ = {isa = PBXFileReference; lastKnownFileType = sourcecode.swift; path = ProgrammingController.swift; sourceTree = "<group>"; };
		53CA745F1FB63DC20007A7F8 /* InternetController.swift */ = {isa = PBXFileReference; lastKnownFileType = sourcecode.swift; path = InternetController.swift; sourceTree = "<group>"; };
		53CA74611FB63DE70007A7F8 /* GlobalImpactController.swift */ = {isa = PBXFileReference; lastKnownFileType = sourcecode.swift; path = GlobalImpactController.swift; sourceTree = "<group>"; };
		53DB2A2E1FD9D37D00A67186 /* ArtCell.swift */ = {isa = PBXFileReference; lastKnownFileType = sourcecode.swift; path = ArtCell.swift; sourceTree = "<group>"; };
		53DF23E41FC35F90009F4F6C /* Love.swift */ = {isa = PBXFileReference; lastKnownFileType = sourcecode.swift; path = Love.swift; sourceTree = "<group>"; };
		53DF23E61FC36077009F4F6C /* Duck.swift */ = {isa = PBXFileReference; lastKnownFileType = sourcecode.swift; path = Duck.swift; sourceTree = "<group>"; };
		53FFDEDC1FE1AC3200B15E19 /* GameScene.swift */ = {isa = PBXFileReference; fileEncoding = 4; lastKnownFileType = sourcecode.swift; path = GameScene.swift; sourceTree = "<group>"; };
		53FFDEDD1FE1AC3200B15E19 /* LevelCompleteScene.swift */ = {isa = PBXFileReference; fileEncoding = 4; lastKnownFileType = sourcecode.swift; path = LevelCompleteScene.swift; sourceTree = "<group>"; };
		53FFDEDE1FE1AC3200B15E19 /* StartScene.swift */ = {isa = PBXFileReference; fileEncoding = 4; lastKnownFileType = sourcecode.swift; path = StartScene.swift; sourceTree = "<group>"; };
		53FFDEF21FE1AEE100B15E19 /* invader sound.mp3 */ = {isa = PBXFileReference; lastKnownFileType = audio.mp3; name = "invader sound.mp3"; path = "IsaacLamb/Resources/invader sound.mp3"; sourceTree = SOURCE_ROOT; };
		53FFDEF31FE1AEE100B15E19 /* boss sound.mp3 */ = {isa = PBXFileReference; lastKnownFileType = audio.mp3; name = "boss sound.mp3"; path = "IsaacLamb/Resources/boss sound.mp3"; sourceTree = SOURCE_ROOT; };
		53FFDEF41FE1AEE100B15E19 /* extra sound.mp3 */ = {isa = PBXFileReference; lastKnownFileType = audio.mp3; name = "extra sound.mp3"; path = "IsaacLamb/Resources/extra sound.mp3"; sourceTree = SOURCE_ROOT; };
		53FFDEF51FE1AEE100B15E19 /* laser sound.mp3 */ = {isa = PBXFileReference; lastKnownFileType = audio.mp3; name = "laser sound.mp3"; path = "IsaacLamb/Resources/laser sound.mp3"; sourceTree = SOURCE_ROOT; };
		53FFDEF61FE1AEE100B15E19 /* powerup sound.mp3 */ = {isa = PBXFileReference; lastKnownFileType = audio.mp3; name = "powerup sound.mp3"; path = "IsaacLamb/Resources/powerup sound.mp3"; sourceTree = SOURCE_ROOT; };
		53FFDEFC1FE1AF1A00B15E19 /* Utilities.swift */ = {isa = PBXFileReference; fileEncoding = 4; lastKnownFileType = sourcecode.swift; path = Utilities.swift; sourceTree = "<group>"; };
		53FFDEFF1FE1AFA300B15E19 /* StarField.sks */ = {isa = PBXFileReference; lastKnownFileType = file.sks; path = StarField.sks; sourceTree = "<group>"; };
		53FFDF011FE1AFCF00B15E19 /* Player.swift */ = {isa = PBXFileReference; fileEncoding = 4; lastKnownFileType = sourcecode.swift; path = Player.swift; sourceTree = "<group>"; };
		53FFDF021FE1AFCF00B15E19 /* PlayerLaser.swift */ = {isa = PBXFileReference; fileEncoding = 4; lastKnownFileType = sourcecode.swift; path = PlayerLaser.swift; sourceTree = "<group>"; };
		53FFDF031FE1AFCF00B15E19 /* Projectile.swift */ = {isa = PBXFileReference; fileEncoding = 4; lastKnownFileType = sourcecode.swift; path = Projectile.swift; sourceTree = "<group>"; };
		53FFDF041FE1AFD000B15E19 /* InvaderLaser.swift */ = {isa = PBXFileReference; fileEncoding = 4; lastKnownFileType = sourcecode.swift; path = InvaderLaser.swift; sourceTree = "<group>"; };
		53FFDF051FE1AFD000B15E19 /* Invader.swift */ = {isa = PBXFileReference; fileEncoding = 4; lastKnownFileType = sourcecode.swift; path = Invader.swift; sourceTree = "<group>"; };
/* End PBXFileReference section */

/* Begin PBXFrameworksBuildPhase section */
		53C530121FA2599900A6D94D /* Frameworks */ = {
			isa = PBXFrameworksBuildPhase;
			buildActionMask = 2147483647;
			files = (
				53A262AF1FCF3B9700A5370C /* WebKit.framework in Frameworks */,
			);
			runOnlyForDeploymentPostprocessing = 0;
		};
/* End PBXFrameworksBuildPhase section */

/* Begin PBXGroup section */
		53A262AD1FCF3B9700A5370C /* Frameworks */ = {
			isa = PBXGroup;
			children = (
				53A262AE1FCF3B9700A5370C /* WebKit.framework */,
			);
			name = Frameworks;
			sourceTree = "<group>";
		};
		53C5300C1FA2599900A6D94D = {
			isa = PBXGroup;
			children = (
				53C530171FA2599900A6D94D /* IsaacLamb */,
				53C530161FA2599900A6D94D /* Products */,
				53A262AD1FCF3B9700A5370C /* Frameworks */,
			);
			sourceTree = "<group>";
		};
		53C530161FA2599900A6D94D /* Products */ = {
			isa = PBXGroup;
			children = (
				53C530151FA2599900A6D94D /* IsaacLamb.app */,
			);
			name = Products;
			sourceTree = "<group>";
		};
		53C530171FA2599900A6D94D /* IsaacLamb */ = {
			isa = PBXGroup;
			children = (
				53FFDF0B1FE1AFDE00B15E19 /* Controller */,
				53FFDEFE1FE1AF7000B15E19 /* View */,
				53FFDEE21FE1ADE000B15E19 /* Resources */,
				53DF23E31FC35F72009F4F6C /* Model */,
				53C530211FA2599900A6D94D /* LaunchScreen.storyboard */,
			);
			path = IsaacLamb;
			sourceTree = "<group>";
		};
		53DF23E31FC35F72009F4F6C /* Model */ = {
			isa = PBXGroup;
			children = (
				53FFDF051FE1AFD000B15E19 /* Invader.swift */,
				53FFDF041FE1AFD000B15E19 /* InvaderLaser.swift */,
				53FFDF011FE1AFCF00B15E19 /* Player.swift */,
				53FFDF021FE1AFCF00B15E19 /* PlayerLaser.swift */,
				53FFDF031FE1AFCF00B15E19 /* Projectile.swift */,
				53DF23E41FC35F90009F4F6C /* Love.swift */,
				53DF23E61FC36077009F4F6C /* Duck.swift */,
				53C312DD1FD72AB300E5977B /* DrawingView.swift */,
			);
			path = Model;
			sourceTree = "<group>";
		};
		53FFDED81FE1AB8100B15E19 /* GameController */ = {
			isa = PBXGroup;
			children = (
				53FFDEDC1FE1AC3200B15E19 /* GameScene.swift */,
				53FFDEDD1FE1AC3200B15E19 /* LevelCompleteScene.swift */,
				53FFDEDE1FE1AC3200B15E19 /* StartScene.swift */,
			);
			path = GameController;
			sourceTree = "<group>";
		};
		53FFDEE21FE1ADE000B15E19 /* Resources */ = {
			isa = PBXGroup;
			children = (
				53FFDEEF1FE1AE7100B15E19 /* Sounds */,
				53C5301F1FA2599900A6D94D /* Assets.xcassets */,
				53FFDEFC1FE1AF1A00B15E19 /* Utilities.swift */,
				53C530241FA2599900A6D94D /* Info.plist */,
			);
			path = Resources;
			sourceTree = "<group>";
		};
		53FFDEEF1FE1AE7100B15E19 /* Sounds */ = {
			isa = PBXGroup;
			children = (
				53FFDEF31FE1AEE100B15E19 /* boss sound.mp3 */,
				53FFDEF41FE1AEE100B15E19 /* extra sound.mp3 */,
				53FFDEF21FE1AEE100B15E19 /* invader sound.mp3 */,
				53FFDEF51FE1AEE100B15E19 /* laser sound.mp3 */,
				53FFDEF61FE1AEE100B15E19 /* powerup sound.mp3 */,
			);
			name = Sounds;
			path = "New Group";
			sourceTree = "<group>";
		};
		53FFDEFE1FE1AF7000B15E19 /* View */ = {
			isa = PBXGroup;
			children = (
				53C5301C1FA2599900A6D94D /* Main.storyboard */,
				53FFDEFF1FE1AFA300B15E19 /* StarField.sks */,
			);
			path = View;
			sourceTree = "<group>";
		};
		53FFDF0B1FE1AFDE00B15E19 /* Controller */ = {
			isa = PBXGroup;
			children = (
				53FFDED81FE1AB8100B15E19 /* GameController */,
				53C530181FA2599900A6D94D /* AppDelegate.swift */,
				535623AF1FBB7BB800ACFAA0 /* ViewController.swift */,
				535623B11FBB7C3B00ACFAA0 /* MainController.swift */,
				533F1B9C1FB3A68C0030A40A /* CreativityController.swift */,
				53DB2A2E1FD9D37D00A67186 /* ArtCell.swift */,
				533F1B9E1FB3A6A60030A40A /* AbstractionController.swift */,
				53562F511FCCB1F300CF9D04 /* AbstractionPageController.swift */,
				53CA745B1FB63D5B0007A7F8 /* DataInfoController.swift */,
				533F1B9A1FB3A5EF0030A40A /* Algorithm Controller.swift */,
				53CA745D1FB63DAC0007A7F8 /* ProgrammingController.swift */,
				53CA745F1FB63DC20007A7F8 /* InternetController.swift */,
				53A262AB1FCF39EF00A5370C /* InternetDetailViewontroller.swift */,
				53CA74611FB63DE70007A7F8 /* GlobalImpactController.swift */,
			);
			path = Controller;
			sourceTree = "<group>";
		};
/* End PBXGroup section */

/* Begin PBXNativeTarget section */
		53C530141FA2599900A6D94D /* IsaacLamb */ = {
			isa = PBXNativeTarget;
			buildConfigurationList = 53C530271FA2599900A6D94D /* Build configuration list for PBXNativeTarget "IsaacLamb" */;
			buildPhases = (
				53C530111FA2599900A6D94D /* Sources */,
				53C530121FA2599900A6D94D /* Frameworks */,
				53C530131FA2599900A6D94D /* Resources */,
			);
			buildRules = (
			);
			dependencies = (
			);
			name = IsaacLamb;
			productName = IsaacLamb;
			productReference = 53C530151FA2599900A6D94D /* IsaacLamb.app */;
			productType = "com.apple.product-type.application";
		};
/* End PBXNativeTarget section */

/* Begin PBXProject section */
		53C5300D1FA2599900A6D94D /* Project object */ = {
			isa = PBXProject;
			attributes = {
				LastSwiftUpdateCheck = 0900;
				LastUpgradeCheck = 0900;
				ORGANIZATIONNAME = "Lamb, Isaac";
				TargetAttributes = {
					53C530141FA2599900A6D94D = {
						CreatedOnToolsVersion = 9.0;
						ProvisioningStyle = Automatic;
					};
				};
			};
			buildConfigurationList = 53C530101FA2599900A6D94D /* Build configuration list for PBXProject "IsaacLamb" */;
			compatibilityVersion = "Xcode 8.0";
			developmentRegion = en;
			hasScannedForEncodings = 0;
			knownRegions = (
				en,
				Base,
			);
			mainGroup = 53C5300C1FA2599900A6D94D;
			productRefGroup = 53C530161FA2599900A6D94D /* Products */;
			projectDirPath = "";
			projectRoot = "";
			targets = (
				53C530141FA2599900A6D94D /* IsaacLamb */,
			);
		};
/* End PBXProject section */

/* Begin PBXResourcesBuildPhase section */
		53C530131FA2599900A6D94D /* Resources */ = {
			isa = PBXResourcesBuildPhase;
			buildActionMask = 2147483647;
			files = (
				53C530231FA2599900A6D94D /* LaunchScreen.storyboard in Resources */,
				53FFDEF71FE1AEE100B15E19 /* invader sound.mp3 in Resources */,
				53FFDEFB1FE1AEE100B15E19 /* powerup sound.mp3 in Resources */,
				53C530201FA2599900A6D94D /* Assets.xcassets in Resources */,
				53C5301E1FA2599900A6D94D /* Main.storyboard in Resources */,
				53FFDEF91FE1AEE100B15E19 /* extra sound.mp3 in Resources */,
				53FFDF001FE1AFA300B15E19 /* StarField.sks in Resources */,
				53FFDEFA1FE1AEE100B15E19 /* laser sound.mp3 in Resources */,
				53FFDEF81FE1AEE100B15E19 /* boss sound.mp3 in Resources */,
			);
			runOnlyForDeploymentPostprocessing = 0;
		};
/* End PBXResourcesBuildPhase section */

/* Begin PBXSourcesBuildPhase section */
		53C530111FA2599900A6D94D /* Sources */ = {
			isa = PBXSourcesBuildPhase;
			buildActionMask = 2147483647;
			files = (
				53DF23E51FC35F90009F4F6C /* Love.swift in Sources */,
				53CA74621FB63DE70007A7F8 /* GlobalImpactController.swift in Sources */,
				53CA74601FB63DC20007A7F8 /* InternetController.swift in Sources */,
				53CA745E1FB63DAC0007A7F8 /* ProgrammingController.swift in Sources */,
				53FFDF061FE1AFD000B15E19 /* Player.swift in Sources */,
				535623B01FBB7BB800ACFAA0 /* ViewController.swift in Sources */,
				53FFDF071FE1AFD000B15E19 /* PlayerLaser.swift in Sources */,
				53FFDF0A1FE1AFD000B15E19 /* Invader.swift in Sources */,
				535623B21FBB7C3B00ACFAA0 /* MainController.swift in Sources */,
				533F1B9D1FB3A68C0030A40A /* CreativityController.swift in Sources */,
				533F1B9F1FB3A6A60030A40A /* AbstractionController.swift in Sources */,
				53DF23E71FC36077009F4F6C /* Duck.swift in Sources */,
				53CA745C1FB63D5B0007A7F8 /* DataInfoController.swift in Sources */,
				53562F521FCCB1F300CF9D04 /* AbstractionPageController.swift in Sources */,
				53FFDF091FE1AFD000B15E19 /* InvaderLaser.swift in Sources */,
				53FFDEDF1FE1AC3300B15E19 /* GameScene.swift in Sources */,
				53C530191FA2599900A6D94D /* AppDelegate.swift in Sources */,
				53FFDF081FE1AFD000B15E19 /* Projectile.swift in Sources */,
				53FFDEE11FE1AC3300B15E19 /* StartScene.swift in Sources */,
				53C312DE1FD72AB300E5977B /* DrawingView.swift in Sources */,
				53A262AC1FCF39EF00A5370C /* InternetDetailViewontroller.swift in Sources */,
				533F1B9B1FB3A5EF0030A40A /* Algorithm Controller.swift in Sources */,
				53FFDEE01FE1AC3300B15E19 /* LevelCompleteScene.swift in Sources */,
				53FFDEFD1FE1AF1B00B15E19 /* Utilities.swift in Sources */,
				53DB2A2F1FD9D37D00A67186 /* ArtCell.swift in Sources */,
			);
			runOnlyForDeploymentPostprocessing = 0;
		};
/* End PBXSourcesBuildPhase section */

/* Begin PBXVariantGroup section */
		53C5301C1FA2599900A6D94D /* Main.storyboard */ = {
			isa = PBXVariantGroup;
			children = (
				53C5301D1FA2599900A6D94D /* Base */,
			);
			name = Main.storyboard;
			sourceTree = "<group>";
		};
		53C530211FA2599900A6D94D /* LaunchScreen.storyboard */ = {
			isa = PBXVariantGroup;
			children = (
				53C530221FA2599900A6D94D /* Base */,
			);
			name = LaunchScreen.storyboard;
			sourceTree = "<group>";
		};
/* End PBXVariantGroup section */

/* Begin XCBuildConfiguration section */
		53C530251FA2599900A6D94D /* Debug */ = {
			isa = XCBuildConfiguration;
			buildSettings = {
				ALWAYS_SEARCH_USER_PATHS = NO;
				CLANG_ANALYZER_NONNULL = YES;
				CLANG_ANALYZER_NUMBER_OBJECT_CONVERSION = YES_AGGRESSIVE;
				CLANG_CXX_LANGUAGE_STANDARD = "gnu++14";
				CLANG_CXX_LIBRARY = "libc++";
				CLANG_ENABLE_MODULES = YES;
				CLANG_ENABLE_OBJC_ARC = YES;
				CLANG_WARN_BLOCK_CAPTURE_AUTORELEASING = YES;
				CLANG_WARN_BOOL_CONVERSION = YES;
				CLANG_WARN_COMMA = YES;
				CLANG_WARN_CONSTANT_CONVERSION = YES;
				CLANG_WARN_DIRECT_OBJC_ISA_USAGE = YES_ERROR;
				CLANG_WARN_DOCUMENTATION_COMMENTS = YES;
				CLANG_WARN_EMPTY_BODY = YES;
				CLANG_WARN_ENUM_CONVERSION = YES;
				CLANG_WARN_INFINITE_RECURSION = YES;
				CLANG_WARN_INT_CONVERSION = YES;
				CLANG_WARN_NON_LITERAL_NULL_CONVERSION = YES;
				CLANG_WARN_OBJC_LITERAL_CONVERSION = YES;
				CLANG_WARN_OBJC_ROOT_CLASS = YES_ERROR;
				CLANG_WARN_RANGE_LOOP_ANALYSIS = YES;
				CLANG_WARN_STRICT_PROTOTYPES = YES;
				CLANG_WARN_SUSPICIOUS_MOVE = YES;
				CLANG_WARN_UNGUARDED_AVAILABILITY = YES_AGGRESSIVE;
				CLANG_WARN_UNREACHABLE_CODE = YES;
				CLANG_WARN__DUPLICATE_METHOD_MATCH = YES;
				CODE_SIGN_IDENTITY = "iPhone Developer";
				COPY_PHASE_STRIP = NO;
				DEBUG_INFORMATION_FORMAT = dwarf;
				ENABLE_STRICT_OBJC_MSGSEND = YES;
				ENABLE_TESTABILITY = YES;
				GCC_C_LANGUAGE_STANDARD = gnu11;
				GCC_DYNAMIC_NO_PIC = NO;
				GCC_NO_COMMON_BLOCKS = YES;
				GCC_OPTIMIZATION_LEVEL = 0;
				GCC_PREPROCESSOR_DEFINITIONS = (
					"DEBUG=1",
					"$(inherited)",
				);
				GCC_WARN_64_TO_32_BIT_CONVERSION = YES;
				GCC_WARN_ABOUT_RETURN_TYPE = YES_ERROR;
				GCC_WARN_UNDECLARED_SELECTOR = YES;
				GCC_WARN_UNINITIALIZED_AUTOS = YES_AGGRESSIVE;
				GCC_WARN_UNUSED_FUNCTION = YES;
				GCC_WARN_UNUSED_VARIABLE = YES;
				IPHONEOS_DEPLOYMENT_TARGET = 11.0;
				MTL_ENABLE_DEBUG_INFO = YES;
				ONLY_ACTIVE_ARCH = YES;
				SDKROOT = iphoneos;
				SWIFT_ACTIVE_COMPILATION_CONDITIONS = DEBUG;
				SWIFT_OPTIMIZATION_LEVEL = "-Onone";
			};
			name = Debug;
		};
		53C530261FA2599900A6D94D /* Release */ = {
			isa = XCBuildConfiguration;
			buildSettings = {
				ALWAYS_SEARCH_USER_PATHS = NO;
				CLANG_ANALYZER_NONNULL = YES;
				CLANG_ANALYZER_NUMBER_OBJECT_CONVERSION = YES_AGGRESSIVE;
				CLANG_CXX_LANGUAGE_STANDARD = "gnu++14";
				CLANG_CXX_LIBRARY = "libc++";
				CLANG_ENABLE_MODULES = YES;
				CLANG_ENABLE_OBJC_ARC = YES;
				CLANG_WARN_BLOCK_CAPTURE_AUTORELEASING = YES;
				CLANG_WARN_BOOL_CONVERSION = YES;
				CLANG_WARN_COMMA = YES;
				CLANG_WARN_CONSTANT_CONVERSION = YES;
				CLANG_WARN_DIRECT_OBJC_ISA_USAGE = YES_ERROR;
				CLANG_WARN_DOCUMENTATION_COMMENTS = YES;
				CLANG_WARN_EMPTY_BODY = YES;
				CLANG_WARN_ENUM_CONVERSION = YES;
				CLANG_WARN_INFINITE_RECURSION = YES;
				CLANG_WARN_INT_CONVERSION = YES;
				CLANG_WARN_NON_LITERAL_NULL_CONVERSION = YES;
				CLANG_WARN_OBJC_LITERAL_CONVERSION = YES;
				CLANG_WARN_OBJC_ROOT_CLASS = YES_ERROR;
				CLANG_WARN_RANGE_LOOP_ANALYSIS = YES;
				CLANG_WARN_STRICT_PROTOTYPES = YES;
				CLANG_WARN_SUSPICIOUS_MOVE = YES;
				CLANG_WARN_UNGUARDED_AVAILABILITY = YES_AGGRESSIVE;
				CLANG_WARN_UNREACHABLE_CODE = YES;
				CLANG_WARN__DUPLICATE_METHOD_MATCH = YES;
				CODE_SIGN_IDENTITY = "iPhone Developer";
				COPY_PHASE_STRIP = NO;
				DEBUG_INFORMATION_FORMAT = "dwarf-with-dsym";
				ENABLE_NS_ASSERTIONS = NO;
				ENABLE_STRICT_OBJC_MSGSEND = YES;
				GCC_C_LANGUAGE_STANDARD = gnu11;
				GCC_NO_COMMON_BLOCKS = YES;
				GCC_WARN_64_TO_32_BIT_CONVERSION = YES;
				GCC_WARN_ABOUT_RETURN_TYPE = YES_ERROR;
				GCC_WARN_UNDECLARED_SELECTOR = YES;
				GCC_WARN_UNINITIALIZED_AUTOS = YES_AGGRESSIVE;
				GCC_WARN_UNUSED_FUNCTION = YES;
				GCC_WARN_UNUSED_VARIABLE = YES;
				IPHONEOS_DEPLOYMENT_TARGET = 11.0;
				MTL_ENABLE_DEBUG_INFO = NO;
				SDKROOT = iphoneos;
				SWIFT_OPTIMIZATION_LEVEL = "-Owholemodule";
				VALIDATE_PRODUCT = YES;
			};
			name = Release;
		};
		53C530281FA2599900A6D94D /* Debug */ = {
			isa = XCBuildConfiguration;
			buildSettings = {
				ASSETCATALOG_COMPILER_APPICON_NAME = AppIcon;
				CODE_SIGN_STYLE = Automatic;
				INFOPLIST_FILE = "$(SRCROOT)/IsaacLamb/Resources/Info.plist";
				LD_RUNPATH_SEARCH_PATHS = "$(inherited) @executable_path/Frameworks";
				PRODUCT_BUNDLE_IDENTIFIER = "-.IsaacLamb";
				PRODUCT_NAME = "$(TARGET_NAME)";
				SWIFT_VERSION = 4.0;
				TARGETED_DEVICE_FAMILY = "1,2";
			};
			name = Debug;
		};
		53C530291FA2599900A6D94D /* Release */ = {
			isa = XCBuildConfiguration;
			buildSettings = {
				ASSETCATALOG_COMPILER_APPICON_NAME = AppIcon;
				CODE_SIGN_STYLE = Automatic;
				INFOPLIST_FILE = "$(SRCROOT)/IsaacLamb/Resources/Info.plist";
				LD_RUNPATH_SEARCH_PATHS = "$(inherited) @executable_path/Frameworks";
				PRODUCT_BUNDLE_IDENTIFIER = "-.IsaacLamb";
				PRODUCT_NAME = "$(TARGET_NAME)";
				SWIFT_VERSION = 4.0;
				TARGETED_DEVICE_FAMILY = "1,2";
			};
			name = Release;
		};
/* End XCBuildConfiguration section */

/* Begin XCConfigurationList section */
		53C530101FA2599900A6D94D /* Build configuration list for PBXProject "IsaacLamb" */ = {
			isa = XCConfigurationList;
			buildConfigurations = (
				53C530251FA2599900A6D94D /* Debug */,
				53C530261FA2599900A6D94D /* Release */,
			);
			defaultConfigurationIsVisible = 0;
			defaultConfigurationName = Release;
		};
		53C530271FA2599900A6D94D /* Build configuration list for PBXNativeTarget "IsaacLamb" */ = {
			isa = XCConfigurationList;
			buildConfigurations = (
				53C530281FA2599900A6D94D /* Debug */,
				53C530291FA2599900A6D94D /* Release */,
			);
			defaultConfigurationIsVisible = 0;
			defaultConfigurationName = Release;
		};
/* End XCConfigurationList section */
	};
	rootObject = 53C5300D1FA2599900A6D94D /* Project object */;
}
